
Microsoft Visual Studio Solution File, Format Version 12.00
# Visual Studio Version 17
VisualStudioVersion = 17.11.35222.181
MinimumVisualStudioVersion = 10.0.40219.1
Project("{FAE04EC0-301F-11D3-BF4B-00C04F79EFBC}") = "DatabaseAccess", "DatabaseAccess\DatabaseAccess.csproj", "{91A0AFBF-AD02-4088-A407-F4BC66AE73CE}"
EndProject
Global
	GlobalSection(SolutionConfigurationPlatforms) = preSolution
		Debug|Any CPU = Debug|Any CPU
		Release|Any CPU = Release|Any CPU
	EndGlobalSection
	GlobalSection(ProjectConfigurationPlatforms) = postSolution
		{91A0AFBF-AD02-4088-A407-F4BC66AE73CE}.Debug|Any CPU.ActiveCfg = Debug|Any CPU
		{91A0AFBF-AD02-4088-A407-F4BC66AE73CE}.Debug|Any CPU.Build.0 = Debug|Any CPU
		{91A0AFBF-AD02-4088-A407-F4BC66AE73CE}.Release|Any CPU.ActiveCfg = Release|Any CPU
		{91A0AFBF-AD02-4088-A407-F4BC66AE73CE}.Release|Any CPU.Build.0 = Release|Any CPU
	EndGlobalSection
	GlobalSection(SolutionProperties) = preSolution
		HideSolutionNode = FALSE
	EndGlobalSection
	GlobalSection(ExtensibilityGlobals) = postSolution
		SolutionGuid = {D550AEF0-455A-4B81-B6BB-E5DCE8083B97}
	EndGlobalSection
EndGlobal
